
Microsoft Visual Studio Solution File, Format Version 12.00
# Visual Studio Version 16
VisualStudioVersion = 16.0.32901.82
MinimumVisualStudioVersion = 10.0.40219.1
Project("{9A19103F-16F7-4668-BE54-9A1E7A4F7556}") = "dotnetawsTest", "dotnetawsTest.csproj", "{6F7DCEBD-41DA-4A99-AFC5-38A3750493A1}"
EndProject
Global
	GlobalSection(SolutionConfigurationPlatforms) = preSolution
		Debug|Any CPU = Debug|Any CPU
		Release|Any CPU = Release|Any CPU
	EndGlobalSection
	GlobalSection(ProjectConfigurationPlatforms) = postSolution
		{6F7DCEBD-41DA-4A99-AFC5-38A3750493A1}.Debug|Any CPU.ActiveCfg = Debug|Any CPU
		{6F7DCEBD-41DA-4A99-AFC5-38A3750493A1}.Debug|Any CPU.Build.0 = Debug|Any CPU
		{6F7DCEBD-41DA-4A99-AFC5-38A3750493A1}.Release|Any CPU.ActiveCfg = Release|Any CPU
		{6F7DCEBD-41DA-4A99-AFC5-38A3750493A1}.Release|Any CPU.Build.0 = Release|Any CPU
	EndGlobalSection
	GlobalSection(SolutionProperties) = preSolution
		HideSolutionNode = FALSE
	EndGlobalSection
	GlobalSection(ExtensibilityGlobals) = postSolution
		SolutionGuid = {29493F34-DDE3-4866-B15F-232165ABF15C}
	EndGlobalSection
EndGlobal
